
Microsoft Visual Studio Solution File, Format Version 12.00
# Visual Studio Version 16
VisualStudioVersion = 16.0.31729.503
MinimumVisualStudioVersion = 10.0.40219.1
Project("{8BC9CEB8-8B4A-11D0-8D11-00A0C91BC942}") = "Sandbox", "Sandbox\Sandbox.vcxproj", "{BD0F4E8E-4E15-4F2E-8722-DB7638D086B7}"
EndProject
Project("{8BC9CEB8-8B4A-11D0-8D11-00A0C91BC942}") = "Hazel", "Hazel\Hazel.vcxproj", "{FC09595C-E930-4FE2-9AA4-6BEABE83CB71}"
EndProject
Global
	GlobalSection(SolutionConfigurationPlatforms) = preSolution
		Debug|x64 = Debug|x64
		Release|x64 = Release|x64
	EndGlobalSection
	GlobalSection(ProjectConfigurationPlatforms) = postSolution
		{FC09595C-E930-4FE2-9AA4-6BEABE83CB71}.Debug|x64.ActiveCfg = Debug|x64
		{FC09595C-E930-4FE2-9AA4-6BEABE83CB71}.Debug|x64.Build.0 = Debug|x64
		{FC09595C-E930-4FE2-9AA4-6BEABE83CB71}.Release|x64.ActiveCfg = Release|x64
		{FC09595C-E930-4FE2-9AA4-6BEABE83CB71}.Release|x64.Build.0 = Release|x64
		{BD0F4E8E-4E15-4F2E-8722-DB7638D086B7}.Debug|x64.ActiveCfg = Debug|x64
		{BD0F4E8E-4E15-4F2E-8722-DB7638D086B7}.Debug|x64.Build.0 = Debug|x64
		{BD0F4E8E-4E15-4F2E-8722-DB7638D086B7}.Release|x64.ActiveCfg = Release|x64
		{BD0F4E8E-4E15-4F2E-8722-DB7638D086B7}.Release|x64.Build.0 = Release|x64
	EndGlobalSection
	GlobalSection(SolutionProperties) = preSolution
		HideSolutionNode = FALSE
	EndGlobalSection
	GlobalSection(ExtensibilityGlobals) = postSolution
		SolutionGuid = {B89A1F46-C903-41E6-AAFE-1329F1532341}
	EndGlobalSection
EndGlobal
